
Microsoft Visual Studio Solution File, Format Version 12.00
# Visual Studio Version 17
VisualStudioVersion = 17.4.33403.182
MinimumVisualStudioVersion = 10.0.40219.1
Project("{FAE04EC0-301F-11D3-BF4B-00C04F79EFBC}") = "xadrez-console", "xadrez-console\xadrez-console.csproj", "{8EDF0255-2649-4B1B-9DDB-5D414F56EC81}"
EndProject
Global
	GlobalSection(SolutionConfigurationPlatforms) = preSolution
		Debug|Any CPU = Debug|Any CPU
		Release|Any CPU = Release|Any CPU
	EndGlobalSection
	GlobalSection(ProjectConfigurationPlatforms) = postSolution
		{8EDF0255-2649-4B1B-9DDB-5D414F56EC81}.Debug|Any CPU.ActiveCfg = Debug|Any CPU
		{8EDF0255-2649-4B1B-9DDB-5D414F56EC81}.Debug|Any CPU.Build.0 = Debug|Any CPU
		{8EDF0255-2649-4B1B-9DDB-5D414F56EC81}.Release|Any CPU.ActiveCfg = Release|Any CPU
		{8EDF0255-2649-4B1B-9DDB-5D414F56EC81}.Release|Any CPU.Build.0 = Release|Any CPU
	EndGlobalSection
	GlobalSection(SolutionProperties) = preSolution
		HideSolutionNode = FALSE
	EndGlobalSection
	GlobalSection(ExtensibilityGlobals) = postSolution
		SolutionGuid = {D7A7F4C1-D7AF-4D2D-AA65-46B0FA9D0631}
	EndGlobalSection
EndGlobal
